
Microsoft Visual Studio Solution File, Format Version 12.00
# Visual Studio Version 17
VisualStudioVersion = 17.1.32210.238
MinimumVisualStudioVersion = 10.0.40219.1
Project("{FAE04EC0-301F-11D3-BF4B-00C04F79EFBC}") = "DataStructure", "DataStructure\DataStructure.csproj", "{84089269-EBCE-463E-92A4-8945118D05CE}"
EndProject
Global
	GlobalSection(SolutionConfigurationPlatforms) = preSolution
		Debug|Any CPU = Debug|Any CPU
		Release|Any CPU = Release|Any CPU
	EndGlobalSection
	GlobalSection(ProjectConfigurationPlatforms) = postSolution
		{84089269-EBCE-463E-92A4-8945118D05CE}.Debug|Any CPU.ActiveCfg = Debug|Any CPU
		{84089269-EBCE-463E-92A4-8945118D05CE}.Debug|Any CPU.Build.0 = Debug|Any CPU
		{84089269-EBCE-463E-92A4-8945118D05CE}.Release|Any CPU.ActiveCfg = Release|Any CPU
		{84089269-EBCE-463E-92A4-8945118D05CE}.Release|Any CPU.Build.0 = Release|Any CPU
	EndGlobalSection
	GlobalSection(SolutionProperties) = preSolution
		HideSolutionNode = FALSE
	EndGlobalSection
	GlobalSection(ExtensibilityGlobals) = postSolution
		SolutionGuid = {A4E2AB59-B16D-4618-9E57-F454C7094ECC}
	EndGlobalSection
EndGlobal
